
Microsoft Visual Studio Solution File, Format Version 12.00
# Visual Studio Version 17
VisualStudioVersion = 17.11.35222.181
MinimumVisualStudioVersion = 10.0.40219.1
Project("{9A19103F-16F7-4668-BE54-9A1E7A4F7556}") = "SmartFinance", "SmartFinance.csproj", "{45C6EA8D-76E7-4540-9E86-A08528E15A40}"
EndProject
Project("{9A19103F-16F7-4668-BE54-9A1E7A4F7556}") = "SF.Infrastructure", "SF.Infrastructure\SF.Infrastructure.csproj", "{0B6E9BE8-ABBD-4551-B30E-8613F43536E7}"
	ProjectSection(ProjectDependencies) = postProject
		{458FE2D2-2B45-47C7-A6E7-138A82B25A9B} = {458FE2D2-2B45-47C7-A6E7-138A82B25A9B}
	EndProjectSection
EndProject
Project("{9A19103F-16F7-4668-BE54-9A1E7A4F7556}") = "SF.Infrastructure.Dummy", "SF.Infrastructure.Dummy\SF.Infrastructure.Dummy.csproj", "{22CEDA58-3ABC-4542-B70D-2B9D3BD35B4F}"
EndProject
Project("{9A19103F-16F7-4668-BE54-9A1E7A4F7556}") = "SF.Domain", "..\SF.Domain\SF.Domain.csproj", "{458FE2D2-2B45-47C7-A6E7-138A82B25A9B}"
EndProject
Global
	GlobalSection(SolutionConfigurationPlatforms) = preSolution
		Debug|Any CPU = Debug|Any CPU
		Release|Any CPU = Release|Any CPU
	EndGlobalSection
	GlobalSection(ProjectConfigurationPlatforms) = postSolution
		{45C6EA8D-76E7-4540-9E86-A08528E15A40}.Debug|Any CPU.ActiveCfg = Debug|Any CPU
		{45C6EA8D-76E7-4540-9E86-A08528E15A40}.Debug|Any CPU.Build.0 = Debug|Any CPU
		{45C6EA8D-76E7-4540-9E86-A08528E15A40}.Release|Any CPU.ActiveCfg = Release|Any CPU
		{45C6EA8D-76E7-4540-9E86-A08528E15A40}.Release|Any CPU.Build.0 = Release|Any CPU
		{0B6E9BE8-ABBD-4551-B30E-8613F43536E7}.Debug|Any CPU.ActiveCfg = Debug|Any CPU
		{0B6E9BE8-ABBD-4551-B30E-8613F43536E7}.Debug|Any CPU.Build.0 = Debug|Any CPU
		{0B6E9BE8-ABBD-4551-B30E-8613F43536E7}.Release|Any CPU.ActiveCfg = Release|Any CPU
		{0B6E9BE8-ABBD-4551-B30E-8613F43536E7}.Release|Any CPU.Build.0 = Release|Any CPU
		{22CEDA58-3ABC-4542-B70D-2B9D3BD35B4F}.Debug|Any CPU.ActiveCfg = Debug|Any CPU
		{22CEDA58-3ABC-4542-B70D-2B9D3BD35B4F}.Debug|Any CPU.Build.0 = Debug|Any CPU
		{22CEDA58-3ABC-4542-B70D-2B9D3BD35B4F}.Release|Any CPU.ActiveCfg = Release|Any CPU
		{22CEDA58-3ABC-4542-B70D-2B9D3BD35B4F}.Release|Any CPU.Build.0 = Release|Any CPU
		{458FE2D2-2B45-47C7-A6E7-138A82B25A9B}.Debug|Any CPU.ActiveCfg = Debug|Any CPU
		{458FE2D2-2B45-47C7-A6E7-138A82B25A9B}.Debug|Any CPU.Build.0 = Debug|Any CPU
		{458FE2D2-2B45-47C7-A6E7-138A82B25A9B}.Release|Any CPU.ActiveCfg = Release|Any CPU
		{458FE2D2-2B45-47C7-A6E7-138A82B25A9B}.Release|Any CPU.Build.0 = Release|Any CPU
	EndGlobalSection
	GlobalSection(SolutionProperties) = preSolution
		HideSolutionNode = FALSE
	EndGlobalSection
	GlobalSection(ExtensibilityGlobals) = postSolution
		SolutionGuid = {4AB54955-5C4A-4762-BABC-8852647CC1CE}
	EndGlobalSection
EndGlobal
